{
  "name": "use-utils",
  "version": "1.0.0",
  "lockfileVersion": 3,
  "requires": true,
  "packages": {
    "": {
      "name": "use-utils",
      "version": "1.0.0",
      "license": "ISC",
      "dependencies": {
        "gao-utils": "^1.1.0"
      }
    },
    "node_modules/gao-utils": {
      "version": "1.1.0",
      "resolved": "https://registry.npmjs.org/gao-utils/-/gao-utils-1.1.0.tgz",
      "integrity": "sha512-Zu63qVdASo4brNaD08M0BVVA+I4u0Hw5Zm+jIyoDM3q8cMfMBi8hKxSErTqP5Mr4l7RNqLQpzCsAzl0c8Wda9A=="
    }
  }
}
